
Microsoft Visual Studio Solution File, Format Version 12.00
# Visual Studio Version 17
VisualStudioVersion = 17.14.36429.23 d17.14
MinimumVisualStudioVersion = 10.0.40219.1
Project("{FAE04EC0-301F-11D3-BF4B-00C04F79EFBC}") = "WebAPI", "WebAPI.csproj", "{6D85BC7D-6887-44B3-811E-D5CFF97F5F27}"
EndProject
Global
	GlobalSection(SolutionConfigurationPlatforms) = preSolution
		Debug|Any CPU = Debug|Any CPU
		Release|Any CPU = Release|Any CPU
	EndGlobalSection
	GlobalSection(ProjectConfigurationPlatforms) = postSolution
		{6D85BC7D-6887-44B3-811E-D5CFF97F5F27}.Debug|Any CPU.ActiveCfg = Debug|Any CPU
		{6D85BC7D-6887-44B3-811E-D5CFF97F5F27}.Debug|Any CPU.Build.0 = Debug|Any CPU
		{6D85BC7D-6887-44B3-811E-D5CFF97F5F27}.Release|Any CPU.ActiveCfg = Release|Any CPU
		{6D85BC7D-6887-44B3-811E-D5CFF97F5F27}.Release|Any CPU.Build.0 = Release|Any CPU
	EndGlobalSection
	GlobalSection(SolutionProperties) = preSolution
		HideSolutionNode = FALSE
	EndGlobalSection
	GlobalSection(ExtensibilityGlobals) = postSolution
		SolutionGuid = {2322E661-ECB6-4BD4-9137-B4323F3E315F}
	EndGlobalSection
EndGlobal
